
Microsoft Visual Studio Solution File, Format Version 12.00
# Visual Studio Version 16
VisualStudioVersion = 16.0.31729.503
MinimumVisualStudioVersion = 10.0.40219.1
Project("{FAE04EC0-301F-11D3-BF4B-00C04F79EFBC}") = "Lab10", "Lab10.csproj", "{A44840E0-2437-4B12-ACE2-45AE9510F1BC}"
EndProject
Global
	GlobalSection(SolutionConfigurationPlatforms) = preSolution
		Debug|Any CPU = Debug|Any CPU
		Release|Any CPU = Release|Any CPU
	EndGlobalSection
	GlobalSection(ProjectConfigurationPlatforms) = postSolution
		{A44840E0-2437-4B12-ACE2-45AE9510F1BC}.Debug|Any CPU.ActiveCfg = Debug|Any CPU
		{A44840E0-2437-4B12-ACE2-45AE9510F1BC}.Debug|Any CPU.Build.0 = Debug|Any CPU
		{A44840E0-2437-4B12-ACE2-45AE9510F1BC}.Release|Any CPU.ActiveCfg = Release|Any CPU
		{A44840E0-2437-4B12-ACE2-45AE9510F1BC}.Release|Any CPU.Build.0 = Release|Any CPU
	EndGlobalSection
	GlobalSection(SolutionProperties) = preSolution
		HideSolutionNode = FALSE
	EndGlobalSection
	GlobalSection(ExtensibilityGlobals) = postSolution
		SolutionGuid = {740D881F-1DCD-4B3D-B335-A319AB037D37}
	EndGlobalSection
EndGlobal
